
Microsoft Visual Studio Solution File, Format Version 12.00
# Visual Studio Version 17
VisualStudioVersion = 17.8.34408.163
MinimumVisualStudioVersion = 10.0.40219.1
Project("{9A19103F-16F7-4668-BE54-9A1E7A4F7556}") = "RentCar.UseCase", "src\RentCar.UseCase\RentCar.UseCase.csproj", "{BDBA51C4-E7AE-457D-A4D9-DE369FC1B33B}"
EndProject
Project("{9A19103F-16F7-4668-BE54-9A1E7A4F7556}") = "RentCar.Core", "src\RentCar.Core\RentCar.Core.csproj", "{2A56DB29-15F7-43E6-AA86-2598762948B8}"
EndProject
Project("{9A19103F-16F7-4668-BE54-9A1E7A4F7556}") = "RentCar.Infrastructure", "src\RentCar.Infrastructure\RentCar.Infrastructure.csproj", "{F6F07728-867D-47AC-94B8-E91BF6E917B1}"
EndProject
Project("{9A19103F-16F7-4668-BE54-9A1E7A4F7556}") = "RentCar.Application", "src\RentCar.Application\RentCar.Application.csproj", "{646D4F34-9DA0-4D7D-B517-2A666C92D9DA}"
EndProject
Project("{9A19103F-16F7-4668-BE54-9A1E7A4F7556}") = ".nuke", ".nuke\.nuke.csproj", "{0BCDEDFE-8FC0-458F-B704-CD0D1990F330}"
EndProject
Project("{9A19103F-16F7-4668-BE54-9A1E7A4F7556}") = "RentCar.Api.Test", "test\RentCar.Api.Test\RentCar.Api.Test.csproj", "{E18D2F4E-36B8-4275-92F6-BB0EFE24E6E2}"
EndProject
Global
	GlobalSection(SolutionConfigurationPlatforms) = preSolution
		Debug|Any CPU = Debug|Any CPU
		Release|Any CPU = Release|Any CPU
	EndGlobalSection
	GlobalSection(ProjectConfigurationPlatforms) = postSolution
		{BDBA51C4-E7AE-457D-A4D9-DE369FC1B33B}.Debug|Any CPU.ActiveCfg = Debug|Any CPU
		{BDBA51C4-E7AE-457D-A4D9-DE369FC1B33B}.Debug|Any CPU.Build.0 = Debug|Any CPU
		{BDBA51C4-E7AE-457D-A4D9-DE369FC1B33B}.Release|Any CPU.ActiveCfg = Release|Any CPU
		{BDBA51C4-E7AE-457D-A4D9-DE369FC1B33B}.Release|Any CPU.Build.0 = Release|Any CPU
		{2A56DB29-15F7-43E6-AA86-2598762948B8}.Debug|Any CPU.ActiveCfg = Debug|Any CPU
		{2A56DB29-15F7-43E6-AA86-2598762948B8}.Debug|Any CPU.Build.0 = Debug|Any CPU
		{2A56DB29-15F7-43E6-AA86-2598762948B8}.Release|Any CPU.ActiveCfg = Release|Any CPU
		{2A56DB29-15F7-43E6-AA86-2598762948B8}.Release|Any CPU.Build.0 = Release|Any CPU
		{F6F07728-867D-47AC-94B8-E91BF6E917B1}.Debug|Any CPU.ActiveCfg = Debug|Any CPU
		{F6F07728-867D-47AC-94B8-E91BF6E917B1}.Debug|Any CPU.Build.0 = Debug|Any CPU
		{F6F07728-867D-47AC-94B8-E91BF6E917B1}.Release|Any CPU.ActiveCfg = Release|Any CPU
		{F6F07728-867D-47AC-94B8-E91BF6E917B1}.Release|Any CPU.Build.0 = Release|Any CPU
		{646D4F34-9DA0-4D7D-B517-2A666C92D9DA}.Debug|Any CPU.ActiveCfg = Debug|Any CPU
		{646D4F34-9DA0-4D7D-B517-2A666C92D9DA}.Debug|Any CPU.Build.0 = Debug|Any CPU
		{646D4F34-9DA0-4D7D-B517-2A666C92D9DA}.Release|Any CPU.ActiveCfg = Release|Any CPU
		{646D4F34-9DA0-4D7D-B517-2A666C92D9DA}.Release|Any CPU.Build.0 = Release|Any CPU
		{0BCDEDFE-8FC0-458F-B704-CD0D1990F330}.Debug|Any CPU.ActiveCfg = Debug|Any CPU
		{0BCDEDFE-8FC0-458F-B704-CD0D1990F330}.Release|Any CPU.ActiveCfg = Release|Any CPU
		{E18D2F4E-36B8-4275-92F6-BB0EFE24E6E2}.Debug|Any CPU.ActiveCfg = Debug|Any CPU
		{E18D2F4E-36B8-4275-92F6-BB0EFE24E6E2}.Debug|Any CPU.Build.0 = Debug|Any CPU
		{E18D2F4E-36B8-4275-92F6-BB0EFE24E6E2}.Release|Any CPU.ActiveCfg = Release|Any CPU
		{E18D2F4E-36B8-4275-92F6-BB0EFE24E6E2}.Release|Any CPU.Build.0 = Release|Any CPU
	EndGlobalSection
	GlobalSection(SolutionProperties) = preSolution
		HideSolutionNode = FALSE
	EndGlobalSection
	GlobalSection(ExtensibilityGlobals) = postSolution
		SolutionGuid = {CB12B9DE-3CC9-48DA-84D6-8657B1095A31}
	EndGlobalSection
EndGlobal
